dependencies:
- name: attributes
  repository: oci://ghcr.io/opentdf/charts
  version: 0.0.0-sha-bfa85e3
- name: entitlement-store
  repository: oci://ghcr.io/opentdf/charts
  version: 0.0.0-sha-bfa85e3
- name: entitlements
  repository: oci://ghcr.io/opentdf/charts
  version: 0.0.0-sha-bfa85e3
- name: entitlement-pdp
  repository: oci://ghcr.io/opentdf/charts
  version: 0.0.0-sha-bfa85e3
- name: kas
  repository: oci://ghcr.io/opentdf/charts
  version: 0.0.0-sha-bfa85e3
- name: keycloak-bootstrap
  repository: oci://ghcr.io/opentdf/charts
  version: 0.0.0-sha-bfa85e3
- name: abacus
  repository: oci://ghcr.io/opentdf/charts
  version: 0.0.0-sha-97a020d
digest: sha256:ec9f2cf8f26c9dbcae7d70c840739cabd50b79fac6de1eb3e25dc263ff582215
generated: "2022-06-30T14:53:15.2027-04:00"
